
Microsoft Visual Studio Solution File, Format Version 12.00
# Visual Studio Version 17
VisualStudioVersion = 17.0.31903.59
MinimumVisualStudioVersion = 10.0.40219.1
Project("{2150E333-8FDC-42A3-9474-1A3956D46DE8}") = "backend", "backend", "{1C140EF6-FB0D-4699-8536-28AC237E5A7C}"
EndProject
Project("{FAE04EC0-301F-11D3-BF4B-00C04F79EFBC}") = "Domain", "backend\Domain\Domain.csproj", "{FDA4D110-A8D0-49DB-B3C9-A9DBF53119E2}"
EndProject
Project("{FAE04EC0-301F-11D3-BF4B-00C04F79EFBC}") = "Application", "backend\Application\Application.csproj", "{1D01E090-9822-4267-AB4A-BB23C06F5E2C}"
EndProject
Project("{FAE04EC0-301F-11D3-BF4B-00C04F79EFBC}") = "Infrastructure", "backend\Infrastructure\Infrastructure.csproj", "{7366A074-F0F0-457D-82BC-9E24B7718780}"
EndProject
Project("{FAE04EC0-301F-11D3-BF4B-00C04F79EFBC}") = "Api", "backend\Api\Api.csproj", "{16C419C0-C193-4DBE-A3C8-9DD96AC6F0D0}"
EndProject
Project("{FAE04EC0-301F-11D3-BF4B-00C04F79EFBC}") = "Tests", "backend\Tests\Tests.csproj", "{30279715-7789-486B-8AC3-E10AF8814488}"
EndProject
Global
	GlobalSection(SolutionConfigurationPlatforms) = preSolution
		Debug|Any CPU = Debug|Any CPU
		Release|Any CPU = Release|Any CPU
	EndGlobalSection
	GlobalSection(SolutionProperties) = preSolution
		HideSolutionNode = FALSE
	EndGlobalSection
	GlobalSection(ProjectConfigurationPlatforms) = postSolution
		{FDA4D110-A8D0-49DB-B3C9-A9DBF53119E2}.Debug|Any CPU.ActiveCfg = Debug|Any CPU
		{FDA4D110-A8D0-49DB-B3C9-A9DBF53119E2}.Debug|Any CPU.Build.0 = Debug|Any CPU
		{FDA4D110-A8D0-49DB-B3C9-A9DBF53119E2}.Release|Any CPU.ActiveCfg = Release|Any CPU
		{FDA4D110-A8D0-49DB-B3C9-A9DBF53119E2}.Release|Any CPU.Build.0 = Release|Any CPU
		{1D01E090-9822-4267-AB4A-BB23C06F5E2C}.Debug|Any CPU.ActiveCfg = Debug|Any CPU
		{1D01E090-9822-4267-AB4A-BB23C06F5E2C}.Debug|Any CPU.Build.0 = Debug|Any CPU
		{1D01E090-9822-4267-AB4A-BB23C06F5E2C}.Release|Any CPU.ActiveCfg = Release|Any CPU
		{1D01E090-9822-4267-AB4A-BB23C06F5E2C}.Release|Any CPU.Build.0 = Release|Any CPU
		{7366A074-F0F0-457D-82BC-9E24B7718780}.Debug|Any CPU.ActiveCfg = Debug|Any CPU
		{7366A074-F0F0-457D-82BC-9E24B7718780}.Debug|Any CPU.Build.0 = Debug|Any CPU
		{7366A074-F0F0-457D-82BC-9E24B7718780}.Release|Any CPU.ActiveCfg = Release|Any CPU
		{7366A074-F0F0-457D-82BC-9E24B7718780}.Release|Any CPU.Build.0 = Release|Any CPU
		{16C419C0-C193-4DBE-A3C8-9DD96AC6F0D0}.Debug|Any CPU.ActiveCfg = Debug|Any CPU
		{16C419C0-C193-4DBE-A3C8-9DD96AC6F0D0}.Debug|Any CPU.Build.0 = Debug|Any CPU
		{16C419C0-C193-4DBE-A3C8-9DD96AC6F0D0}.Release|Any CPU.ActiveCfg = Release|Any CPU
		{16C419C0-C193-4DBE-A3C8-9DD96AC6F0D0}.Release|Any CPU.Build.0 = Release|Any CPU
		{30279715-7789-486B-8AC3-E10AF8814488}.Debug|Any CPU.ActiveCfg = Debug|Any CPU
		{30279715-7789-486B-8AC3-E10AF8814488}.Debug|Any CPU.Build.0 = Debug|Any CPU
		{30279715-7789-486B-8AC3-E10AF8814488}.Release|Any CPU.ActiveCfg = Release|Any CPU
		{30279715-7789-486B-8AC3-E10AF8814488}.Release|Any CPU.Build.0 = Release|Any CPU
	EndGlobalSection
	GlobalSection(NestedProjects) = preSolution
		{FDA4D110-A8D0-49DB-B3C9-A9DBF53119E2} = {1C140EF6-FB0D-4699-8536-28AC237E5A7C}
		{1D01E090-9822-4267-AB4A-BB23C06F5E2C} = {1C140EF6-FB0D-4699-8536-28AC237E5A7C}
		{7366A074-F0F0-457D-82BC-9E24B7718780} = {1C140EF6-FB0D-4699-8536-28AC237E5A7C}
		{16C419C0-C193-4DBE-A3C8-9DD96AC6F0D0} = {1C140EF6-FB0D-4699-8536-28AC237E5A7C}
		{30279715-7789-486B-8AC3-E10AF8814488} = {1C140EF6-FB0D-4699-8536-28AC237E5A7C}
	EndGlobalSection
EndGlobal
